// !$*UTF8*$!
{
	archiveVersion = 1;
	classes = {
	};
	objectVersion = 50;
	objects = {

/* Begin PBXBuildFile section */
		CF58B70E22278593007D4F31 /* AppDelegate.swift in Sources */ = {isa = PBXBuildFile; fileRef = CF58B70D22278593007D4F31 /* AppDelegate.swift */; };
		CF58B71022278593007D4F31 /* TripViewController.swift in Sources */ = {isa = PBXBuildFile; fileRef = CF58B70F22278593007D4F31 /* TripViewController.swift */; };
		CF58B71322278593007D4F31 /* Main.storyboard in Resources */ = {isa = PBXBuildFile; fileRef = CF58B71122278593007D4F31 /* Main.storyboard */; };
		CF58B71522278597007D4F31 /* Assets.xcassets in Resources */ = {isa = PBXBuildFile; fileRef = CF58B71422278597007D4F31 /* Assets.xcassets */; };
		CF58B71822278597007D4F31 /* LaunchScreen.storyboard in Resources */ = {isa = PBXBuildFile; fileRef = CF58B71622278597007D4F31 /* LaunchScreen.storyboard */; };
		CF58B720222785AC007D4F31 /* Model.swift in Sources */ = {isa = PBXBuildFile; fileRef = CF58B71F222785AC007D4F31 /* Model.swift */; };
		CF58B72D2227950B007D4F31 /* TripCollectionViewCell.swift in Sources */ = {isa = PBXBuildFile; fileRef = CF58B72B2227950B007D4F31 /* TripCollectionViewCell.swift */; };
		CF58B72E2227950B007D4F31 /* TripCollectionViewCell.xib in Resources */ = {isa = PBXBuildFile; fileRef = CF58B72C2227950B007D4F31 /* TripCollectionViewCell.xib */; };
		CF58B73B2227E318007D4F31 /* HomeCell.swift in Sources */ = {isa = PBXBuildFile; fileRef = CF58B7392227E318007D4F31 /* HomeCell.swift */; };
		CF58B73C2227E318007D4F31 /* HomeCell.xib in Resources */ = {isa = PBXBuildFile; fileRef = CF58B73A2227E318007D4F31 /* HomeCell.xib */; };
		CF58B73F2227E429007D4F31 /* BannerCell.swift in Sources */ = {isa = PBXBuildFile; fileRef = CF58B73D2227E429007D4F31 /* BannerCell.swift */; };
		CF58B7402227E429007D4F31 /* BannerCell.xib in Resources */ = {isa = PBXBuildFile; fileRef = CF58B73E2227E429007D4F31 /* BannerCell.xib */; };
		CF58B7432227EAB1007D4F31 /* TripTableViewCell.swift in Sources */ = {isa = PBXBuildFile; fileRef = CF58B7412227EAB1007D4F31 /* TripTableViewCell.swift */; };
		CF58B7442227EAB1007D4F31 /* TripTableViewCell.xib in Resources */ = {isa = PBXBuildFile; fileRef = CF58B7422227EAB1007D4F31 /* TripTableViewCell.xib */; };
		CF6B3E8D222AE3470035AD8D /* extensions.swift in Sources */ = {isa = PBXBuildFile; fileRef = CF6B3E8C222AE3470035AD8D /* extensions.swift */; };
		CF6B3E90222AE7EB0035AD8D /* PopularDestinationsCollectionViewCell.swift in Sources */ = {isa = PBXBuildFile; fileRef = CF6B3E8E222AE7EB0035AD8D /* PopularDestinationsCollectionViewCell.swift */; };
		CF6B3E91222AE7EB0035AD8D /* PopularDestinationsCollectionViewCell.xib in Resources */ = {isa = PBXBuildFile; fileRef = CF6B3E8F222AE7EB0035AD8D /* PopularDestinationsCollectionViewCell.xib */; };
		CF6B3E96222AEF3A0035AD8D /* PopularDestTableViewCell.swift in Sources */ = {isa = PBXBuildFile; fileRef = CF6B3E94222AEF3A0035AD8D /* PopularDestTableViewCell.swift */; };
		CF6B3E97222AEF3A0035AD8D /* PopularDestTableViewCell.xib in Resources */ = {isa = PBXBuildFile; fileRef = CF6B3E95222AEF3A0035AD8D /* PopularDestTableViewCell.xib */; };
/* End PBXBuildFile section */

/* Begin PBXFileReference section */
		CF58B70A22278593007D4F31 /* ChallengeKKday.app */ = {isa = PBXFileReference; explicitFileType = wrapper.application; includeInIndex = 0; path = ChallengeKKday.app; sourceTree = BUILT_PRODUCTS_DIR; };
		CF58B70D22278593007D4F31 /* AppDelegate.swift */ = {isa = PBXFileReference; lastKnownFileType = sourcecode.swift; path = AppDelegate.swift; sourceTree = "<group>"; };
		CF58B70F22278593007D4F31 /* TripViewController.swift */ = {isa = PBXFileReference; lastKnownFileType = sourcecode.swift; path = TripViewController.swift; sourceTree = "<group>"; };
		CF58B71222278593007D4F31 /* Base */ = {isa = PBXFileReference; lastKnownFileType = file.storyboard; name = Base; path = Base.lproj/Main.storyboard; sourceTree = "<group>"; };
		CF58B71422278597007D4F31 /* Assets.xcassets */ = {isa = PBXFileReference; lastKnownFileType = folder.assetcatalog; path = Assets.xcassets; sourceTree = "<group>"; };
		CF58B71722278597007D4F31 /* Base */ = {isa = PBXFileReference; lastKnownFileType = file.storyboard; name = Base; path = Base.lproj/LaunchScreen.storyboard; sourceTree = "<group>"; };
		CF58B71922278597007D4F31 /* Info.plist */ = {isa = PBXFileReference; lastKnownFileType = text.plist.xml; path = Info.plist; sourceTree = "<group>"; };
		CF58B71F222785AC007D4F31 /* Model.swift */ = {isa = PBXFileReference; lastKnownFileType = sourcecode.swift; path = Model.swift; sourceTree = "<group>"; };
		CF58B72B2227950B007D4F31 /* TripCollectionViewCell.swift */ = {isa = PBXFileReference; lastKnownFileType = sourcecode.swift; path = TripCollectionViewCell.swift; sourceTree = "<group>"; };
		CF58B72C2227950B007D4F31 /* TripCollectionViewCell.xib */ = {isa = PBXFileReference; lastKnownFileType = file.xib; path = TripCollectionViewCell.xib; sourceTree = "<group>"; };
		CF58B7342227CE2B007D4F31 /* MyPlayground.playground */ = {isa = PBXFileReference; lastKnownFileType = file.playground; path = MyPlayground.playground; sourceTree = "<group>"; xcLanguageSpecificationIdentifier = xcode.lang.swift; };
		CF58B7392227E318007D4F31 /* HomeCell.swift */ = {isa = PBXFileReference; lastKnownFileType = sourcecode.swift; path = HomeCell.swift; sourceTree = "<group>"; };
		CF58B73A2227E318007D4F31 /* HomeCell.xib */ = {isa = PBXFileReference; lastKnownFileType = file.xib; path = HomeCell.xib; sourceTree = "<group>"; };
		CF58B73D2227E429007D4F31 /* BannerCell.swift */ = {isa = PBXFileReference; lastKnownFileType = sourcecode.swift; path = BannerCell.swift; sourceTree = "<group>"; };
		CF58B73E2227E429007D4F31 /* BannerCell.xib */ = {isa = PBXFileReference; lastKnownFileType = file.xib; path = BannerCell.xib; sourceTree = "<group>"; };
		CF58B7412227EAB1007D4F31 /* TripTableViewCell.swift */ = {isa = PBXFileReference; lastKnownFileType = sourcecode.swift; path = TripTableViewCell.swift; sourceTree = "<group>"; };
		CF58B7422227EAB1007D4F31 /* TripTableViewCell.xib */ = {isa = PBXFileReference; lastKnownFileType = file.xib; path = TripTableViewCell.xib; sourceTree = "<group>"; };
		CF6B3E8C222AE3470035AD8D /* extensions.swift */ = {isa = PBXFileReference; lastKnownFileType = sourcecode.swift; path = extensions.swift; sourceTree = "<group>"; };
		CF6B3E8E222AE7EB0035AD8D /* PopularDestinationsCollectionViewCell.swift */ = {isa = PBXFileReference; lastKnownFileType = sourcecode.swift; path = PopularDestinationsCollectionViewCell.swift; sourceTree = "<group>"; };
		CF6B3E8F222AE7EB0035AD8D /* PopularDestinationsCollectionViewCell.xib */ = {isa = PBXFileReference; lastKnownFileType = file.xib; path = PopularDestinationsCollectionViewCell.xib; sourceTree = "<group>"; };
		CF6B3E94222AEF3A0035AD8D /* PopularDestTableViewCell.swift */ = {isa = PBXFileReference; lastKnownFileType = sourcecode.swift; path = PopularDestTableViewCell.swift; sourceTree = "<group>"; };
		CF6B3E95222AEF3A0035AD8D /* PopularDestTableViewCell.xib */ = {isa = PBXFileReference; lastKnownFileType = file.xib; path = PopularDestTableViewCell.xib; sourceTree = "<group>"; };
/* End PBXFileReference section */

/* Begin PBXFrameworksBuildPhase section */
		CF58B70722278593007D4F31 /* Frameworks */ = {
			isa = PBXFrameworksBuildPhase;
			buildActionMask = 2147483647;
			files = (
			);
			runOnlyForDeploymentPostprocessing = 0;
		};
/* End PBXFrameworksBuildPhase section */

/* Begin PBXGroup section */
		CF58B70122278593007D4F31 = {
			isa = PBXGroup;
			children = (
				CF58B7342227CE2B007D4F31 /* MyPlayground.playground */,
				CF58B70C22278593007D4F31 /* ChallengeKKday */,
				CF58B70B22278593007D4F31 /* Products */,
			);
			sourceTree = "<group>";
		};
		CF58B70B22278593007D4F31 /* Products */ = {
			isa = PBXGroup;
			children = (
				CF58B70A22278593007D4F31 /* ChallengeKKday.app */,
			);
			name = Products;
			sourceTree = "<group>";
		};
		CF58B70C22278593007D4F31 /* ChallengeKKday */ = {
			isa = PBXGroup;
			children = (
				CF58B70D22278593007D4F31 /* AppDelegate.swift */,
				CF58B72F2227AD60007D4F31 /* Model */,
				CF58B7302227AD8C007D4F31 /* Controller */,
				CF58B7312227ADA3007D4F31 /* View */,
				CF58B71122278593007D4F31 /* Main.storyboard */,
				CF58B71422278597007D4F31 /* Assets.xcassets */,
				CF58B71622278597007D4F31 /* LaunchScreen.storyboard */,
				CF58B71922278597007D4F31 /* Info.plist */,
			);
			path = ChallengeKKday;
			sourceTree = "<group>";
		};
		CF58B72F2227AD60007D4F31 /* Model */ = {
			isa = PBXGroup;
			children = (
				CF58B71F222785AC007D4F31 /* Model.swift */,
			);
			path = Model;
			sourceTree = "<group>";
		};
		CF58B7302227AD8C007D4F31 /* Controller */ = {
			isa = PBXGroup;
			children = (
				CF58B70F22278593007D4F31 /* TripViewController.swift */,
			);
			path = Controller;
			sourceTree = "<group>";
		};
		CF58B7312227ADA3007D4F31 /* View */ = {
			isa = PBXGroup;
			children = (
				CF58B7412227EAB1007D4F31 /* TripTableViewCell.swift */,
				CF58B7422227EAB1007D4F31 /* TripTableViewCell.xib */,
				CF58B72B2227950B007D4F31 /* TripCollectionViewCell.swift */,
				CF58B72C2227950B007D4F31 /* TripCollectionViewCell.xib */,
				CF6B3E94222AEF3A0035AD8D /* PopularDestTableViewCell.swift */,
				CF6B3E95222AEF3A0035AD8D /* PopularDestTableViewCell.xib */,
				CF6B3E8E222AE7EB0035AD8D /* PopularDestinationsCollectionViewCell.swift */,
				CF6B3E8F222AE7EB0035AD8D /* PopularDestinationsCollectionViewCell.xib */,
				CF58B745222A7697007D4F31 /* test */,
				CF6B3E8C222AE3470035AD8D /* extensions.swift */,
			);
			path = View;
			sourceTree = "<group>";
		};
		CF58B745222A7697007D4F31 /* test */ = {
			isa = PBXGroup;
			children = (
				CF58B7392227E318007D4F31 /* HomeCell.swift */,
				CF58B73A2227E318007D4F31 /* HomeCell.xib */,
				CF58B73D2227E429007D4F31 /* BannerCell.swift */,
				CF58B73E2227E429007D4F31 /* BannerCell.xib */,
			);
			path = test;
			sourceTree = "<group>";
		};
/* End PBXGroup section */

/* Begin PBXNativeTarget section */
		CF58B70922278593007D4F31 /* ChallengeKKday */ = {
			isa = PBXNativeTarget;
			buildConfigurationList = CF58B71C22278597007D4F31 /* Build configuration list for PBXNativeTarget "ChallengeKKday" */;
			buildPhases = (
				CF58B70622278593007D4F31 /* Sources */,
				CF58B70722278593007D4F31 /* Frameworks */,
				CF58B70822278593007D4F31 /* Resources */,
			);
			buildRules = (
			);
			dependencies = (
			);
			name = ChallengeKKday;
			productName = ChallengeKKday;
			productReference = CF58B70A22278593007D4F31 /* ChallengeKKday.app */;
			productType = "com.apple.product-type.application";
		};
/* End PBXNativeTarget section */

/* Begin PBXProject section */
		CF58B70222278593007D4F31 /* Project object */ = {
			isa = PBXProject;
			attributes = {
				LastSwiftUpdateCheck = 1010;
				LastUpgradeCheck = 1010;
				ORGANIZATIONNAME = "Sihan Fang";
				TargetAttributes = {
					CF58B70922278593007D4F31 = {
						CreatedOnToolsVersion = 10.1;
					};
				};
			};
			buildConfigurationList = CF58B70522278593007D4F31 /* Build configuration list for PBXProject "ChallengeKKday" */;
			compatibilityVersion = "Xcode 9.3";
			developmentRegion = en;
			hasScannedForEncodings = 0;
			knownRegions = (
				en,
				Base,
			);
			mainGroup = CF58B70122278593007D4F31;
			productRefGroup = CF58B70B22278593007D4F31 /* Products */;
			projectDirPath = "";
			projectRoot = "";
			targets = (
				CF58B70922278593007D4F31 /* ChallengeKKday */,
			);
		};
/* End PBXProject section */

/* Begin PBXResourcesBuildPhase section */
		CF58B70822278593007D4F31 /* Resources */ = {
			isa = PBXResourcesBuildPhase;
			buildActionMask = 2147483647;
			files = (
				CF58B71822278597007D4F31 /* LaunchScreen.storyboard in Resources */,
				CF6B3E91222AE7EB0035AD8D /* PopularDestinationsCollectionViewCell.xib in Resources */,
				CF58B7402227E429007D4F31 /* BannerCell.xib in Resources */,
				CF58B72E2227950B007D4F31 /* TripCollectionViewCell.xib in Resources */,
				CF58B71522278597007D4F31 /* Assets.xcassets in Resources */,
				CF58B7442227EAB1007D4F31 /* TripTableViewCell.xib in Resources */,
				CF58B71322278593007D4F31 /* Main.storyboard in Resources */,
				CF6B3E97222AEF3A0035AD8D /* PopularDestTableViewCell.xib in Resources */,
				CF58B73C2227E318007D4F31 /* HomeCell.xib in Resources */,
			);
			runOnlyForDeploymentPostprocessing = 0;
		};
/* End PBXResourcesBuildPhase section */

/* Begin PBXSourcesBuildPhase section */
		CF58B70622278593007D4F31 /* Sources */ = {
			isa = PBXSourcesBuildPhase;
			buildActionMask = 2147483647;
			files = (
				CF58B73F2227E429007D4F31 /* BannerCell.swift in Sources */,
				CF58B7432227EAB1007D4F31 /* TripTableViewCell.swift in Sources */,
				CF6B3E90222AE7EB0035AD8D /* PopularDestinationsCollectionViewCell.swift in Sources */,
				CF6B3E96222AEF3A0035AD8D /* PopularDestTableViewCell.swift in Sources */,
				CF58B71022278593007D4F31 /* TripViewController.swift in Sources */,
				CF6B3E8D222AE3470035AD8D /* extensions.swift in Sources */,
				CF58B72D2227950B007D4F31 /* TripCollectionViewCell.swift in Sources */,
				CF58B720222785AC007D4F31 /* Model.swift in Sources */,
				CF58B70E22278593007D4F31 /* AppDelegate.swift in Sources */,
				CF58B73B2227E318007D4F31 /* HomeCell.swift in Sources */,
			);
			runOnlyForDeploymentPostprocessing = 0;
		};
/* End PBXSourcesBuildPhase section */

/* Begin PBXVariantGroup section */
		CF58B71122278593007D4F31 /* Main.storyboard */ = {
			isa = PBXVariantGroup;
			children = (
				CF58B71222278593007D4F31 /* Base */,
			);
			name = Main.storyboard;
			sourceTree = "<group>";
		};
		CF58B71622278597007D4F31 /* LaunchScreen.storyboard */ = {
			isa = PBXVariantGroup;
			children = (
				CF58B71722278597007D4F31 /* Base */,
			);
			name = LaunchScreen.storyboard;
			sourceTree = "<group>";
		};
/* End PBXVariantGroup section */

/* Begin XCBuildConfiguration section */
		CF58B71A22278597007D4F31 /* Debug */ = {
			isa = XCBuildConfiguration;
			buildSettings = {
				ALWAYS_SEARCH_USER_PATHS = NO;
				CLANG_ANALYZER_NONNULL = YES;
				CLANG_ANALYZER_NUMBER_OBJECT_CONVERSION = YES_AGGRESSIVE;
				CLANG_CXX_LANGUAGE_STANDARD = "gnu++14";
				CLANG_CXX_LIBRARY = "libc++";
				CLANG_ENABLE_MODULES = YES;
				CLANG_ENABLE_OBJC_ARC = YES;
				CLANG_ENABLE_OBJC_WEAK = YES;
				CLANG_WARN_BLOCK_CAPTURE_AUTORELEASING = YES;
				CLANG_WARN_BOOL_CONVERSION = YES;
				CLANG_WARN_COMMA = YES;
				CLANG_WARN_CONSTANT_CONVERSION = YES;
				CLANG_WARN_DEPRECATED_OBJC_IMPLEMENTATIONS = YES;
				CLANG_WARN_DIRECT_OBJC_ISA_USAGE = YES_ERROR;
				CLANG_WARN_DOCUMENTATION_COMMENTS = YES;
				CLANG_WARN_EMPTY_BODY = YES;
				CLANG_WARN_ENUM_CONVERSION = YES;
				CLANG_WARN_INFINITE_RECURSION = YES;
				CLANG_WARN_INT_CONVERSION = YES;
				CLANG_WARN_NON_LITERAL_NULL_CONVERSION = YES;
				CLANG_WARN_OBJC_IMPLICIT_RETAIN_SELF = YES;
				CLANG_WARN_OBJC_LITERAL_CONVERSION = YES;
				CLANG_WARN_OBJC_ROOT_CLASS = YES_ERROR;
				CLANG_WARN_RANGE_LOOP_ANALYSIS = YES;
				CLANG_WARN_STRICT_PROTOTYPES = YES;
				CLANG_WARN_SUSPICIOUS_MOVE = YES;
				CLANG_WARN_UNGUARDED_AVAILABILITY = YES_AGGRESSIVE;
				CLANG_WARN_UNREACHABLE_CODE = YES;
				CLANG_WARN__DUPLICATE_METHOD_MATCH = YES;
				CODE_SIGN_IDENTITY = "iPhone Developer";
				COPY_PHASE_STRIP = NO;
				DEBUG_INFORMATION_FORMAT = dwarf;
				ENABLE_STRICT_OBJC_MSGSEND = YES;
				ENABLE_TESTABILITY = YES;
				GCC_C_LANGUAGE_STANDARD = gnu11;
				GCC_DYNAMIC_NO_PIC = NO;
				GCC_NO_COMMON_BLOCKS = YES;
				GCC_OPTIMIZATION_LEVEL = 0;
				GCC_PREPROCESSOR_DEFINITIONS = (
					"DEBUG=1",
					"$(inherited)",
				);
				GCC_WARN_64_TO_32_BIT_CONVERSION = YES;
				GCC_WARN_ABOUT_RETURN_TYPE = YES_ERROR;
				GCC_WARN_UNDECLARED_SELECTOR = YES;
				GCC_WARN_UNINITIALIZED_AUTOS = YES_AGGRESSIVE;
				GCC_WARN_UNUSED_FUNCTION = YES;
				GCC_WARN_UNUSED_VARIABLE = YES;
				IPHONEOS_DEPLOYMENT_TARGET = 12.1;
				MTL_ENABLE_DEBUG_INFO = INCLUDE_SOURCE;
				MTL_FAST_MATH = YES;
				ONLY_ACTIVE_ARCH = YES;
				SDKROOT = iphoneos;
				SWIFT_ACTIVE_COMPILATION_CONDITIONS = DEBUG;
				SWIFT_OPTIMIZATION_LEVEL = "-Onone";
			};
			name = Debug;
		};
		CF58B71B22278597007D4F31 /* Release */ = {
			isa = XCBuildConfiguration;
			buildSettings = {
				ALWAYS_SEARCH_USER_PATHS = NO;
				CLANG_ANALYZER_NONNULL = YES;
				CLANG_ANALYZER_NUMBER_OBJECT_CONVERSION = YES_AGGRESSIVE;
				CLANG_CXX_LANGUAGE_STANDARD = "gnu++14";
				CLANG_CXX_LIBRARY = "libc++";
				CLANG_ENABLE_MODULES = YES;
				CLANG_ENABLE_OBJC_ARC = YES;
				CLANG_ENABLE_OBJC_WEAK = YES;
				CLANG_WARN_BLOCK_CAPTURE_AUTORELEASING = YES;
				CLANG_WARN_BOOL_CONVERSION = YES;
				CLANG_WARN_COMMA = YES;
				CLANG_WARN_CONSTANT_CONVERSION = YES;
				CLANG_WARN_DEPRECATED_OBJC_IMPLEMENTATIONS = YES;
				CLANG_WARN_DIRECT_OBJC_ISA_USAGE = YES_ERROR;
				CLANG_WARN_DOCUMENTATION_COMMENTS = YES;
				CLANG_WARN_EMPTY_BODY = YES;
				CLANG_WARN_ENUM_CONVERSION = YES;
				CLANG_WARN_INFINITE_RECURSION = YES;
				CLANG_WARN_INT_CONVERSION = YES;
				CLANG_WARN_NON_LITERAL_NULL_CONVERSION = YES;
				CLANG_WARN_OBJC_IMPLICIT_RETAIN_SELF = YES;
				CLANG_WARN_OBJC_LITERAL_CONVERSION = YES;
				CLANG_WARN_OBJC_ROOT_CLASS = YES_ERROR;
				CLANG_WARN_RANGE_LOOP_ANALYSIS = YES;
				CLANG_WARN_STRICT_PROTOTYPES = YES;
				CLANG_WARN_SUSPICIOUS_MOVE = YES;
				CLANG_WARN_UNGUARDED_AVAILABILITY = YES_AGGRESSIVE;
				CLANG_WARN_UNREACHABLE_CODE = YES;
				CLANG_WARN__DUPLICATE_METHOD_MATCH = YES;
				CODE_SIGN_IDENTITY = "iPhone Developer";
				COPY_PHASE_STRIP = NO;
				DEBUG_INFORMATION_FORMAT = "dwarf-with-dsym";
				ENABLE_NS_ASSERTIONS = NO;
				ENABLE_STRICT_OBJC_MSGSEND = YES;
				GCC_C_LANGUAGE_STANDARD = gnu11;
				GCC_NO_COMMON_BLOCKS = YES;
				GCC_WARN_64_TO_32_BIT_CONVERSION = YES;
				GCC_WARN_ABOUT_RETURN_TYPE = YES_ERROR;
				GCC_WARN_UNDECLARED_SELECTOR = YES;
				GCC_WARN_UNINITIALIZED_AUTOS = YES_AGGRESSIVE;
				GCC_WARN_UNUSED_FUNCTION = YES;
				GCC_WARN_UNUSED_VARIABLE = YES;
				IPHONEOS_DEPLOYMENT_TARGET = 12.1;
				MTL_ENABLE_DEBUG_INFO = NO;
				MTL_FAST_MATH = YES;
				SDKROOT = iphoneos;
				SWIFT_COMPILATION_MODE = wholemodule;
				SWIFT_OPTIMIZATION_LEVEL = "-O";
				VALIDATE_PRODUCT = YES;
			};
			name = Release;
		};
		CF58B71D22278597007D4F31 /* Debug */ = {
			isa = XCBuildConfiguration;
			buildSettings = {
				ASSETCATALOG_COMPILER_APPICON_NAME = AppIcon;
				CODE_SIGN_STYLE = Automatic;
				DEVELOPMENT_TEAM = M2LHE433S9;
				INFOPLIST_FILE = ChallengeKKday/Info.plist;
				LD_RUNPATH_SEARCH_PATHS = (
					"$(inherited)",
					"@executable_path/Frameworks",
				);
				PRODUCT_BUNDLE_IDENTIFIER = com.sihanfang.ChallengeKKday;
				PRODUCT_NAME = "$(TARGET_NAME)";
				SWIFT_VERSION = 4.2;
				TARGETED_DEVICE_FAMILY = "1,2";
			};
			name = Debug;
		};
		CF58B71E22278597007D4F31 /* Release */ = {
			isa = XCBuildConfiguration;
			buildSettings = {
				ASSETCATALOG_COMPILER_APPICON_NAME = AppIcon;
				CODE_SIGN_STYLE = Automatic;
				DEVELOPMENT_TEAM = M2LHE433S9;
				INFOPLIST_FILE = ChallengeKKday/Info.plist;
				LD_RUNPATH_SEARCH_PATHS = (
					"$(inherited)",
					"@executable_path/Frameworks",
				);
				PRODUCT_BUNDLE_IDENTIFIER = com.sihanfang.ChallengeKKday;
				PRODUCT_NAME = "$(TARGET_NAME)";
				SWIFT_VERSION = 4.2;
				TARGETED_DEVICE_FAMILY = "1,2";
			};
			name = Release;
		};
/* End XCBuildConfiguration section */

/* Begin XCConfigurationList section */
		CF58B70522278593007D4F31 /* Build configuration list for PBXProject "ChallengeKKday" */ = {
			isa = XCConfigurationList;
			buildConfigurations = (
				CF58B71A22278597007D4F31 /* Debug */,
				CF58B71B22278597007D4F31 /* Release */,
			);
			defaultConfigurationIsVisible = 0;
			defaultConfigurationName = Release;
		};
		CF58B71C22278597007D4F31 /* Build configuration list for PBXNativeTarget "ChallengeKKday" */ = {
			isa = XCConfigurationList;
			buildConfigurations = (
				CF58B71D22278597007D4F31 /* Debug */,
				CF58B71E22278597007D4F31 /* Release */,
			);
			defaultConfigurationIsVisible = 0;
			defaultConfigurationName = Release;
		};
/* End XCConfigurationList section */
	};
	rootObject = CF58B70222278593007D4F31 /* Project object */;
}
